
Microsoft Visual Studio Solution File, Format Version 12.00
# Visual Studio 15
VisualStudioVersion = 15.0.28307.438
MinimumVisualStudioVersion = 10.0.40219.1
Project("{FAE04EC0-301F-11D3-BF4B-00C04F79EFBC}") = "AudioCassetteBackup", "AudioCassetteBackup\AudioCassetteBackup.csproj", "{F49C6263-4524-4E57-8B98-8527A9593E47}"
EndProject
Global
	GlobalSection(SolutionConfigurationPlatforms) = preSolution
		Debug|Any CPU = Debug|Any CPU
		Release|Any CPU = Release|Any CPU
	EndGlobalSection
	GlobalSection(ProjectConfigurationPlatforms) = postSolution
		{F49C6263-4524-4E57-8B98-8527A9593E47}.Debug|Any CPU.ActiveCfg = Debug|Any CPU
		{F49C6263-4524-4E57-8B98-8527A9593E47}.Debug|Any CPU.Build.0 = Debug|Any CPU
		{F49C6263-4524-4E57-8B98-8527A9593E47}.Release|Any CPU.ActiveCfg = Release|Any CPU
		{F49C6263-4524-4E57-8B98-8527A9593E47}.Release|Any CPU.Build.0 = Release|Any CPU
	EndGlobalSection
	GlobalSection(SolutionProperties) = preSolution
		HideSolutionNode = FALSE
	EndGlobalSection
	GlobalSection(ExtensibilityGlobals) = postSolution
		SolutionGuid = {52F528F3-A752-483C-8DF1-D2CDDA82015C}
	EndGlobalSection
EndGlobal
